
Microsoft Visual Studio Solution File, Format Version 12.00
# Visual Studio Version 16
VisualStudioVersion = 16.0.29306.81
MinimumVisualStudioVersion = 10.0.40219.1
Project("{9A19103F-16F7-4668-BE54-9A1E7A4F7556}") = "01Task", "01Task\01Task.csproj", "{11C0A97B-DA56-4E5B-8250-8BD19DE0142D}"
EndProject
Project("{9A19103F-16F7-4668-BE54-9A1E7A4F7556}") = "02Task", "02Task\02Task.csproj", "{9297C8AB-6A5F-4071-A22F-3AD0BD02C178}"
EndProject
Project("{9A19103F-16F7-4668-BE54-9A1E7A4F7556}") = "03Task", "03Task\03Task.csproj", "{896E4EBA-6A08-4917-8C8C-10554979B3E8}"
EndProject
Project("{9A19103F-16F7-4668-BE54-9A1E7A4F7556}") = "04Task", "04Task\04Task.csproj", "{74B2A222-6546-4BEB-B7A9-36E3EDFA626C}"
EndProject
Project("{9A19103F-16F7-4668-BE54-9A1E7A4F7556}") = "05Task", "05Task\05Task.csproj", "{F2A279B8-53D6-4AD0-A43D-FCCFAFCAEA07}"
EndProject
Project("{9A19103F-16F7-4668-BE54-9A1E7A4F7556}") = "06Task", "06Task\06Task.csproj", "{CF6A127E-ABD8-450F-A260-F479B70E1F4D}"
EndProject
Project("{9A19103F-16F7-4668-BE54-9A1E7A4F7556}") = "07Task", "07Task\07Task.csproj", "{B1A93317-1726-4BC8-A4E7-79E6A79BC16F}"
EndProject
Project("{9A19103F-16F7-4668-BE54-9A1E7A4F7556}") = "08Task", "08Task\08Task.csproj", "{09907693-7D9D-4D70-81B0-955908D32F16}"
EndProject
Project("{9A19103F-16F7-4668-BE54-9A1E7A4F7556}") = "09Task", "09Task\09Task.csproj", "{8F5444D5-18BB-423D-BBCB-285D7A10D15F}"
EndProject
Project("{FAE04EC0-301F-11D3-BF4B-00C04F79EFBC}") = "10Task", "10Task\10Task.csproj", "{ACB370EB-1F96-49F9-86FA-4CA253F255BF}"
EndProject
Project("{FAE04EC0-301F-11D3-BF4B-00C04F79EFBC}") = "11Task", "11Task\11Task.csproj", "{B5756359-1917-44B7-81CC-000B8E705E3D}"
EndProject
Project("{FAE04EC0-301F-11D3-BF4B-00C04F79EFBC}") = "12Task", "12Task\12Task.csproj", "{9531C423-5B5F-403B-B056-F41F7E02314B}"
EndProject
Global
	GlobalSection(SolutionConfigurationPlatforms) = preSolution
		Debug|Any CPU = Debug|Any CPU
		Release|Any CPU = Release|Any CPU
	EndGlobalSection
	GlobalSection(ProjectConfigurationPlatforms) = postSolution
		{11C0A97B-DA56-4E5B-8250-8BD19DE0142D}.Debug|Any CPU.ActiveCfg = Debug|Any CPU
		{11C0A97B-DA56-4E5B-8250-8BD19DE0142D}.Debug|Any CPU.Build.0 = Debug|Any CPU
		{11C0A97B-DA56-4E5B-8250-8BD19DE0142D}.Release|Any CPU.ActiveCfg = Release|Any CPU
		{11C0A97B-DA56-4E5B-8250-8BD19DE0142D}.Release|Any CPU.Build.0 = Release|Any CPU
		{9297C8AB-6A5F-4071-A22F-3AD0BD02C178}.Debug|Any CPU.ActiveCfg = Debug|Any CPU
		{9297C8AB-6A5F-4071-A22F-3AD0BD02C178}.Debug|Any CPU.Build.0 = Debug|Any CPU
		{9297C8AB-6A5F-4071-A22F-3AD0BD02C178}.Release|Any CPU.ActiveCfg = Release|Any CPU
		{9297C8AB-6A5F-4071-A22F-3AD0BD02C178}.Release|Any CPU.Build.0 = Release|Any CPU
		{896E4EBA-6A08-4917-8C8C-10554979B3E8}.Debug|Any CPU.ActiveCfg = Debug|Any CPU
		{896E4EBA-6A08-4917-8C8C-10554979B3E8}.Debug|Any CPU.Build.0 = Debug|Any CPU
		{896E4EBA-6A08-4917-8C8C-10554979B3E8}.Release|Any CPU.ActiveCfg = Release|Any CPU
		{896E4EBA-6A08-4917-8C8C-10554979B3E8}.Release|Any CPU.Build.0 = Release|Any CPU
		{74B2A222-6546-4BEB-B7A9-36E3EDFA626C}.Debug|Any CPU.ActiveCfg = Debug|Any CPU
		{74B2A222-6546-4BEB-B7A9-36E3EDFA626C}.Debug|Any CPU.Build.0 = Debug|Any CPU
		{74B2A222-6546-4BEB-B7A9-36E3EDFA626C}.Release|Any CPU.ActiveCfg = Release|Any CPU
		{74B2A222-6546-4BEB-B7A9-36E3EDFA626C}.Release|Any CPU.Build.0 = Release|Any CPU
		{F2A279B8-53D6-4AD0-A43D-FCCFAFCAEA07}.Debug|Any CPU.ActiveCfg = Debug|Any CPU
		{F2A279B8-53D6-4AD0-A43D-FCCFAFCAEA07}.Debug|Any CPU.Build.0 = Debug|Any CPU
		{F2A279B8-53D6-4AD0-A43D-FCCFAFCAEA07}.Release|Any CPU.ActiveCfg = Release|Any CPU
		{F2A279B8-53D6-4AD0-A43D-FCCFAFCAEA07}.Release|Any CPU.Build.0 = Release|Any CPU
		{CF6A127E-ABD8-450F-A260-F479B70E1F4D}.Debug|Any CPU.ActiveCfg = Debug|Any CPU
		{CF6A127E-ABD8-450F-A260-F479B70E1F4D}.Debug|Any CPU.Build.0 = Debug|Any CPU
		{CF6A127E-ABD8-450F-A260-F479B70E1F4D}.Release|Any CPU.ActiveCfg = Release|Any CPU
		{CF6A127E-ABD8-450F-A260-F479B70E1F4D}.Release|Any CPU.Build.0 = Release|Any CPU
		{B1A93317-1726-4BC8-A4E7-79E6A79BC16F}.Debug|Any CPU.ActiveCfg = Debug|Any CPU
		{B1A93317-1726-4BC8-A4E7-79E6A79BC16F}.Debug|Any CPU.Build.0 = Debug|Any CPU
		{B1A93317-1726-4BC8-A4E7-79E6A79BC16F}.Release|Any CPU.ActiveCfg = Release|Any CPU
		{B1A93317-1726-4BC8-A4E7-79E6A79BC16F}.Release|Any CPU.Build.0 = Release|Any CPU
		{09907693-7D9D-4D70-81B0-955908D32F16}.Debug|Any CPU.ActiveCfg = Debug|Any CPU
		{09907693-7D9D-4D70-81B0-955908D32F16}.Debug|Any CPU.Build.0 = Debug|Any CPU
		{09907693-7D9D-4D70-81B0-955908D32F16}.Release|Any CPU.ActiveCfg = Release|Any CPU
		{09907693-7D9D-4D70-81B0-955908D32F16}.Release|Any CPU.Build.0 = Release|Any CPU
		{8F5444D5-18BB-423D-BBCB-285D7A10D15F}.Debug|Any CPU.ActiveCfg = Debug|Any CPU
		{8F5444D5-18BB-423D-BBCB-285D7A10D15F}.Debug|Any CPU.Build.0 = Debug|Any CPU
		{8F5444D5-18BB-423D-BBCB-285D7A10D15F}.Release|Any CPU.ActiveCfg = Release|Any CPU
		{8F5444D5-18BB-423D-BBCB-285D7A10D15F}.Release|Any CPU.Build.0 = Release|Any CPU
		{ACB370EB-1F96-49F9-86FA-4CA253F255BF}.Debug|Any CPU.ActiveCfg = Debug|Any CPU
		{ACB370EB-1F96-49F9-86FA-4CA253F255BF}.Debug|Any CPU.Build.0 = Debug|Any CPU
		{ACB370EB-1F96-49F9-86FA-4CA253F255BF}.Release|Any CPU.ActiveCfg = Release|Any CPU
		{ACB370EB-1F96-49F9-86FA-4CA253F255BF}.Release|Any CPU.Build.0 = Release|Any CPU
		{B5756359-1917-44B7-81CC-000B8E705E3D}.Debug|Any CPU.ActiveCfg = Debug|Any CPU
		{B5756359-1917-44B7-81CC-000B8E705E3D}.Debug|Any CPU.Build.0 = Debug|Any CPU
		{B5756359-1917-44B7-81CC-000B8E705E3D}.Release|Any CPU.ActiveCfg = Release|Any CPU
		{B5756359-1917-44B7-81CC-000B8E705E3D}.Release|Any CPU.Build.0 = Release|Any CPU
		{9531C423-5B5F-403B-B056-F41F7E02314B}.Debug|Any CPU.ActiveCfg = Debug|Any CPU
		{9531C423-5B5F-403B-B056-F41F7E02314B}.Debug|Any CPU.Build.0 = Debug|Any CPU
		{9531C423-5B5F-403B-B056-F41F7E02314B}.Release|Any CPU.ActiveCfg = Release|Any CPU
		{9531C423-5B5F-403B-B056-F41F7E02314B}.Release|Any CPU.Build.0 = Release|Any CPU
	EndGlobalSection
	GlobalSection(SolutionProperties) = preSolution
		HideSolutionNode = FALSE
	EndGlobalSection
	GlobalSection(ExtensibilityGlobals) = postSolution
		SolutionGuid = {B72BE5CE-DC71-4469-BE0B-D390A1DEAFBA}
	EndGlobalSection
EndGlobal
